git.gammaspectra.live/P2Pool/edwards25519 v0.0.0-20230701100949-027561bd2a33 h1:BPV7iIiv8T+X7gg9/JfNmEBoH4HXOkw8CR7FN6bBwB8=
git.gammaspectra.live/P2Pool/edwards25519 v0.0.0-20230701100949-027561bd2a33/go.mod h1:336HUKX25mQ1qUtzkwV9Wrqi153tTgUOKcIhpYuF2ts=
git.gammaspectra.live/P2Pool/go-monero v0.0.0-20230410011208-910450c4a523 h1:oIJzm7kQyASS0xlJ79VSWRvvfXp2Qt7M05+E20o9gwE=
git.gammaspectra.live/P2Pool/go-monero v0.0.0-20230410011208-910450c4a523/go.mod h1:TAOAAV972JNDkCzyV5SkbYkKCRvcfhvvFa8LHH4Dg6g=
git.gammaspectra.live/P2Pool/go-randomx v0.0.0-20221027085532-f46adfce03a7 h1:bzHDuu1IgETKqPBOlIdCE2LaZIJ+ZpROSprNn+fnzd8=
git.gammaspectra.live/P2Pool/go-randomx v0.0.0-20221027085532-f46adfce03a7/go.mod h1:3kT0v4AMwT/OdorfH2gRWPwoOrUX/LV03HEeBsaXG1c=
git.gammaspectra.live/P2Pool/moneroutil v0.0.0-20230722215223-18ecc51ae61e h1:ropqS9niQR/ZKCUrlmWe+uDH0fLIyAnCIjkEjyTDgA8=
git.gammaspectra.live/P2Pool/moneroutil v0.0.0-20230722215223-18ecc51ae61e/go.mod h1:Wn5QI7XIMHMpEu10pPspW9h3eGmXQPJwh/4/+Gi3G1U=
git.gammaspectra.live/P2Pool/randomx-go-bindings v0.0.0-20230514082649-9c5f18cd5a71 h1:MgeHHcF+GnCJBWMSzq8XAbc8p/UhNwFruEKCPPJ74YQ=
git.gammaspectra.live/P2Pool/randomx-go-bindings v0.0.0-20230514082649-9c5f18cd5a71/go.mod h1:KQaYHIxGXNHNMQELC7xGLu8xouwvP/dN7iGk681BXmk=
git.gammaspectra.live/P2Pool/sha3 v0.0.0-20230604092430-04fe7dc6439a h1:c24MHv/z+aBYpYNsQHcJqmFuaYInGVixJZgDCXA/4bs=
git.gammaspectra.live/P2Pool/sha3 v0.0.0-20230604092430-04fe7dc6439a/go.mod h1:6wZ0+whl+HZdcRve4R6Rq6jV1fmL1xCYO8Wty6lR008=
github.com/WeebDataHoarder/go-json v0.0.0-20230730135821-d8f6463bb887 h1:P01nqSM+0b6zlPasOFYsqnQSP2dTRVZkanAnY9q/Bcc=
github.com/WeebDataHoarder/go-json v0.0.0-20230730135821-d8f6463bb887/go.mod h1:6MelG93GURQebXPDq3khkgXZkazVtN9CRI+MGFi0w8I=
github.com/bahlo/generic-list-go v0.2.0 h1:5sz/EEAK+ls5wF+NeqDpk5+iNdMDXrh3z3nPnH1Wvgk=
github.com/bahlo/generic-list-go v0.2.0/go.mod h1:2KvAjgMlE5NNynlg/5iLrrCCZ2+5xWbdbCW3pNTGyYg=
github.com/davecgh/go-spew v1.1.1 h1:vj9j/u1bqnvCEfJOwUhtlOARqs3+rkHYY13jYWTU97c=
github.com/davecgh/go-spew v1.1.1/go.mod h1:J7Y8YcW2NihsgmVo/mv3lAwl/skON4iLHjSsI+c5H38=
github.com/dolthub/maphash v0.1.0 h1:bsQ7JsF4FkkWyrP3oCnFJgrCUAFbFf3kOl4L/QxPDyQ=
github.com/dolthub/maphash v0.1.0/go.mod h1:gkg4Ch4CdCDu5h6PMriVLawB7koZ+5ijb9puGMV50a4=
github.com/dolthub/swiss v0.2.1 h1:gs2osYs5SJkAaH5/ggVJqXQxRXtWshF6uE0lgR/Y3Gw=
github.com/dolthub/swiss v0.2.1/go.mod h1:8AhKZZ1HK7g18j7v7k6c5cYIGEZJcPn0ARsai8cUrh0=
github.com/floatdrop/lru v1.3.0 h1:83abtaKjXcWrPmtzTAk2Ggq8DUKqI29YzrTrB8+vu0c=
github.com/floatdrop/lru v1.3.0/go.mod h1:83zlXKA06Bm32JImNINCiTr0ldadvdAjUe5jSwIaw0s=
github.com/holiman/uint256 v1.2.4 h1:jUc4Nk8fm9jZabQuqr2JzednajVmBpC+oiTiXZJEApU=
github.com/holiman/uint256 v1.2.4/go.mod h1:EOMSn4q6Nyt9P6efbI3bueV4e1b3dGlUCXeiRV4ng7E=
github.com/jxskiss/base62 v1.1.0 h1:A5zbF8v8WXx2xixnAKD2w+abC+sIzYJX+nxmhA6HWFw=
github.com/jxskiss/base62 v1.1.0/go.mod h1:HhWAlUXvxKThfOlZbcuFzsqwtF5TcqS9ru3y5GfjWAc=
github.com/pmezard/go-difflib v1.0.0 h1:4DBwDE0NGyQoBHbLQYPwSUPoCMWR5BEzIk/f1lZbAQM=
github.com/pmezard/go-difflib v1.0.0/go.mod h1:iKH77koFhYxTK1pcRnkKkqfTogsbg7gZNVY4sRDYZ/4=
github.com/sclevine/spec v1.4.0 h1:z/Q9idDcay5m5irkZ28M7PtQM4aOISzOpj4bUPkDee8=
github.com/sclevine/spec v1.4.0/go.mod h1:LvpgJaFyvQzRvc1kaDs0bulYwzC70PbiYjC4QnFHkOM=
github.com/stretchr/testify v1.8.1 h1:w7B6lhMri9wdJUVmEZPGGhZzrYTPvgJArz7wNPgYKsk=
github.com/stretchr/testify v1.8.1/go.mod h1:w2LPCIKwWwSfY2zedu0+kehJoqGctiVI29o6fzry7u4=
github.com/tmthrgd/go-hex v0.0.0-20190904060850-447a3041c3bc h1:9lRDQMhESg+zvGYmW5DyG0UqvY96Bu5QYsTLvCHdrgo=
github.com/tmthrgd/go-hex v0.0.0-20190904060850-447a3041c3bc/go.mod h1:bciPuU6GHm1iF1pBvUfxfsH0Wmnc2VbpgvbI9ZWuIRs=
golang.org/x/crypto v0.19.0 h1:ENy+Az/9Y1vSrlrvBSyna3PITt4tiZLf7sgCjZBX7Wo=
golang.org/x/crypto v0.19.0/go.mod h1:Iy9bg/ha4yyC70EfRS8jz+B6ybOBKMaSxLj6P6oBDfU=
golang.org/x/sys v0.17.0 h1:25cE3gD+tdBA7lp7QfhuV+rJiE9YXTcS3VG1SqssI/Y=
golang.org/x/sys v0.17.0/go.mod h1:/VUhepiaJMQUp4+oa/7Zr1D23ma6VTLIYjOOTFZPUcA=
gopkg.in/yaml.v3 v3.0.1 h1:fxVm/GzAzEWqLHuvctI91KS9hhNmmWOoWu0XTYJS7CA=
gopkg.in/yaml.v3 v3.0.1/go.mod h1:K4uyk7z7BCEPqu6E+C64Yfv1cQ7kz7rIZviUmN+EgEM=
lukechampine.com/uint128 v1.3.0 h1:cDdUVfRwDUDovz610ABgFD17nXD4/uDgVHl2sC3+sbo=
lukechampine.com/uint128 v1.3.0/go.mod h1:c4eWIwlEGaxC/+H1VguhU4PHXNWDCDMUlWdIWl2j1gk=
