git.gammaspectra.live/P2Pool/edwards25519 v0.0.0-20230701100949-027561bd2a33 h1:BPV7iIiv8T+X7gg9/JfNmEBoH4HXOkw8CR7FN6bBwB8=
git.gammaspectra.live/P2Pool/edwards25519 v0.0.0-20230701100949-027561bd2a33/go.mod h1:336HUKX25mQ1qUtzkwV9Wrqi153tTgUOKcIhpYuF2ts=
git.gammaspectra.live/P2Pool/go-monero v0.0.0-20230410011208-910450c4a523 h1:oIJzm7kQyASS0xlJ79VSWRvvfXp2Qt7M05+E20o9gwE=
git.gammaspectra.live/P2Pool/go-monero v0.0.0-20230410011208-910450c4a523/go.mod h1:TAOAAV972JNDkCzyV5SkbYkKCRvcfhvvFa8LHH4Dg6g=
git.gammaspectra.live/P2Pool/go-randomx v0.0.0-20221027085532-f46adfce03a7 h1:bzHDuu1IgETKqPBOlIdCE2LaZIJ+ZpROSprNn+fnzd8=
git.gammaspectra.live/P2Pool/go-randomx v0.0.0-20221027085532-f46adfce03a7/go.mod h1:3kT0v4AMwT/OdorfH2gRWPwoOrUX/LV03HEeBsaXG1c=
git.gammaspectra.live/P2Pool/moneroutil v0.0.0-20230722215223-18ecc51ae61e h1:ropqS9niQR/ZKCUrlmWe+uDH0fLIyAnCIjkEjyTDgA8=
git.gammaspectra.live/P2Pool/moneroutil v0.0.0-20230722215223-18ecc51ae61e/go.mod h1:Wn5QI7XIMHMpEu10pPspW9h3eGmXQPJwh/4/+Gi3G1U=
git.gammaspectra.live/P2Pool/randomx-go-bindings v0.0.0-20230514082649-9c5f18cd5a71 h1:MgeHHcF+GnCJBWMSzq8XAbc8p/UhNwFruEKCPPJ74YQ=
git.gammaspectra.live/P2Pool/randomx-go-bindings v0.0.0-20230514082649-9c5f18cd5a71/go.mod h1:KQaYHIxGXNHNMQELC7xGLu8xouwvP/dN7iGk681BXmk=
git.gammaspectra.live/P2Pool/sha3 v0.0.0-20230604092430-04fe7dc6439a h1:c24MHv/z+aBYpYNsQHcJqmFuaYInGVixJZgDCXA/4bs=
git.gammaspectra.live/P2Pool/sha3 v0.0.0-20230604092430-04fe7dc6439a/go.mod h1:6wZ0+whl+HZdcRve4R6Rq6jV1fmL1xCYO8Wty6lR008=
github.com/bahlo/generic-list-go v0.2.0 h1:5sz/EEAK+ls5wF+NeqDpk5+iNdMDXrh3z3nPnH1Wvgk=
github.com/bahlo/generic-list-go v0.2.0/go.mod h1:2KvAjgMlE5NNynlg/5iLrrCCZ2+5xWbdbCW3pNTGyYg=
github.com/davecgh/go-spew v1.1.1 h1:vj9j/u1bqnvCEfJOwUhtlOARqs3+rkHYY13jYWTU97c=
github.com/davecgh/go-spew v1.1.1/go.mod h1:J7Y8YcW2NihsgmVo/mv3lAwl/skON4iLHjSsI+c5H38=
github.com/dolthub/maphash v0.1.0 h1:bsQ7JsF4FkkWyrP3oCnFJgrCUAFbFf3kOl4L/QxPDyQ=
github.com/dolthub/maphash v0.1.0/go.mod h1:gkg4Ch4CdCDu5h6PMriVLawB7koZ+5ijb9puGMV50a4=
github.com/dolthub/swiss v0.1.0 h1:EaGQct3AqeP/MjASHLiH6i4TAmgbG/c4rA6a1bzCOPc=
github.com/dolthub/swiss v0.1.0/go.mod h1:BeucyB08Vb1G9tumVN3Vp/pyY4AMUnr9p7Rz7wJ7kAQ=
github.com/floatdrop/lru v1.3.0 h1:83abtaKjXcWrPmtzTAk2Ggq8DUKqI29YzrTrB8+vu0c=
github.com/floatdrop/lru v1.3.0/go.mod h1:83zlXKA06Bm32JImNINCiTr0ldadvdAjUe5jSwIaw0s=
github.com/go-zeromq/goczmq/v4 v4.2.2 h1:HAJN+i+3NW55ijMJJhk7oWxHKXgAuSBkoFfvr8bYj4U=
github.com/go-zeromq/goczmq/v4 v4.2.2/go.mod h1:Sm/lxrfxP/Oxqs0tnHD6WAhwkWrx+S+1MRrKzcxoaYE=
github.com/go-zeromq/zmq4 v0.15.0 h1:SLqukpmLTx0JsLaOaCCjwy5eBdfJ+ouJX/677HoFbJM=
github.com/go-zeromq/zmq4 v0.15.0/go.mod h1:sD47DcXifeUFsVTB2ps8ijqTpEuTAlYgfuLoiWEXdCE=
github.com/goccy/go-json v0.10.2 h1:CrxCmQqYDkv1z7lO7Wbh2HN93uovUHgrECaO5ZrCXAU=
github.com/goccy/go-json v0.10.2/go.mod h1:6MelG93GURQebXPDq3khkgXZkazVtN9CRI+MGFi0w8I=
github.com/gorilla/mux v1.8.0 h1:i40aqfkR1h2SlN9hojwV5ZA91wcXFOvkdNIeFDP5koI=
github.com/gorilla/mux v1.8.0/go.mod h1:DVbg23sWSpFRCP0SfiEN6jmj59UnW/n46BH5rLB71So=
github.com/holiman/uint256 v1.2.3 h1:K8UWO1HUJpRMXBxbmaY1Y8IAMZC/RsKB+ArEnnK4l5o=
github.com/holiman/uint256 v1.2.3/go.mod h1:SC8Ryt4n+UBbPbIBKaG9zbbDlp4jOru9xFZmPzLUTxw=
github.com/jxskiss/base62 v1.1.0 h1:A5zbF8v8WXx2xixnAKD2w+abC+sIzYJX+nxmhA6HWFw=
github.com/jxskiss/base62 v1.1.0/go.mod h1:HhWAlUXvxKThfOlZbcuFzsqwtF5TcqS9ru3y5GfjWAc=
github.com/pmezard/go-difflib v1.0.0 h1:4DBwDE0NGyQoBHbLQYPwSUPoCMWR5BEzIk/f1lZbAQM=
github.com/pmezard/go-difflib v1.0.0/go.mod h1:iKH77koFhYxTK1pcRnkKkqfTogsbg7gZNVY4sRDYZ/4=
github.com/sclevine/spec v1.4.0 h1:z/Q9idDcay5m5irkZ28M7PtQM4aOISzOpj4bUPkDee8=
github.com/sclevine/spec v1.4.0/go.mod h1:LvpgJaFyvQzRvc1kaDs0bulYwzC70PbiYjC4QnFHkOM=
github.com/stretchr/testify v1.8.1 h1:w7B6lhMri9wdJUVmEZPGGhZzrYTPvgJArz7wNPgYKsk=
github.com/stretchr/testify v1.8.1/go.mod h1:w2LPCIKwWwSfY2zedu0+kehJoqGctiVI29o6fzry7u4=
github.com/thepudds/swisstable v0.0.0-20221011152303-9c77dc657777 h1:5u+6YWU2faS+Sr/x8j9yalMpSDUkatNOZWXV3wMUCGQ=
github.com/thepudds/swisstable v0.0.0-20221011152303-9c77dc657777/go.mod h1:4af3KxEsswy6aTzsTcwa8QZUSh4V+80oHdp1QX9uJHA=
go.etcd.io/bbolt v1.3.7 h1:j+zJOnnEjF/kyHlDDgGnVL/AIqIJPq8UoB2GSNfkUfQ=
go.etcd.io/bbolt v1.3.7/go.mod h1:N9Mkw9X8x5fupy0IKsmuqVtoGDyxsaDlbk4Rd05IAQw=
golang.org/x/crypto v0.11.0 h1:6Ewdq3tDic1mg5xRO4milcWCfMVQhI4NkqWWvqejpuA=
golang.org/x/crypto v0.11.0/go.mod h1:xgJhtzW8F9jGdVFWZESrid1U1bjeNy4zgy5cRr/CIio=
golang.org/x/sync v0.3.0 h1:ftCYgMx6zT/asHUrPw8BLLscYtGznsLAnjq5RH9P66E=
golang.org/x/sync v0.3.0/go.mod h1:FU7BRWz2tNW+3quACPkgCx/L+uEAv1htQ0V83Z9Rj+Y=
golang.org/x/sys v0.10.0 h1:SqMFp9UcQJZa+pmYuAKjd9xq1f0j5rLcDIk0mj4qAsA=
golang.org/x/sys v0.10.0/go.mod h1:oPkhp1MJrh7nUepCBck5+mAzfO9JrbApNNgaTdGDITg=
golang.org/x/text v0.11.0 h1:LAntKIrcmeSKERyiOh0XMV39LXS8IE9UL2yP7+f5ij4=
golang.org/x/text v0.11.0/go.mod h1:TvPlkZtksWOMsz7fbANvkp4WM8x/WCo/om8BMLbz+aE=
gopkg.in/yaml.v3 v3.0.1 h1:fxVm/GzAzEWqLHuvctI91KS9hhNmmWOoWu0XTYJS7CA=
gopkg.in/yaml.v3 v3.0.1/go.mod h1:K4uyk7z7BCEPqu6E+C64Yfv1cQ7kz7rIZviUmN+EgEM=
lukechampine.com/uint128 v1.3.0 h1:cDdUVfRwDUDovz610ABgFD17nXD4/uDgVHl2sC3+sbo=
lukechampine.com/uint128 v1.3.0/go.mod h1:c4eWIwlEGaxC/+H1VguhU4PHXNWDCDMUlWdIWl2j1gk=
